
Microsoft Visual Studio Solution File, Format Version 12.00
# Visual Studio Version 17
VisualStudioVersion = 17.14.36518.9
MinimumVisualStudioVersion = 10.0.40219.1
Project("{2150E333-8FDC-42A3-9474-1A3956D46DE8}") = "Task0", "Task0", "{02EA681E-C7D8-13C7-8484-4AC65E1B71E8}"
EndProject
Project("{FAE04EC0-301F-11D3-BF4B-00C04F79EFBC}") = "Tyuiu.AndreevIA.Sprint6.Task0.V29.Test", "Tyuiu.AndreevIA.Sprint6.Task0.V29.Test\Tyuiu.AndreevIA.Sprint6.Task0.V29.Test.csproj", "{B4194539-3C87-46B9-BB06-8AD955C9E84F}"
EndProject
Project("{FAE04EC0-301F-11D3-BF4B-00C04F79EFBC}") = "Tyuiu.AndreevIA.Sprint6.Task0.V29.Lib", "Tyuiu.AndreevIA.Sprint6.Task0.V29.Lib\Tyuiu.AndreevIA.Sprint6.Task0.V29.Lib.csproj", "{06B142D9-2CAA-40F2-8345-37562E4D0AEE}"
EndProject
Project("{FAE04EC0-301F-11D3-BF4B-00C04F79EFBC}") = "Tyuiu.AndreevIA.Sprint6.Task0.V29", "Tyuiu.AndreevIA.Sprint6.Task0.V29\Tyuiu.AndreevIA.Sprint6.Task0.V29.csproj", "{509EFDDD-8072-4D67-8852-291E6DD5F8E0}"
EndProject
Project("{2150E333-8FDC-42A3-9474-1A3956D46DE8}") = "Task1", "Task1", "{042AE8BD-EC2E-4CDC-8D25-34BDA03CE881}"
EndProject
Project("{FAE04EC0-301F-11D3-BF4B-00C04F79EFBC}") = "Tyuiu.AndreevIA.Sprint6.Task1.V5.Lib", "Tyuiu.AndreevIA.Sprint6.Task1.V5.Lib\Tyuiu.AndreevIA.Sprint6.Task1.V5.Lib.csproj", "{75E2609C-9975-46A1-B496-121631ABC006}"
EndProject
Project("{FAE04EC0-301F-11D3-BF4B-00C04F79EFBC}") = "Tyuiu.AndreevIA.Sprint6.Task1.V5.Test", "Tyuiu.AndreevIA.Sprint6.Task1.V5.Test\Tyuiu.AndreevIA.Sprint6.Task1.V5.Test.csproj", "{58ED2321-5C61-4EC8-AB6B-7B4F430909E0}"
EndProject
Project("{FAE04EC0-301F-11D3-BF4B-00C04F79EFBC}") = "Tyuiu.AndreevIA.Sprint6.Task1.V5", "Tyuiu.AndreevIA.Sprint6.Task1.V5\Tyuiu.AndreevIA.Sprint6.Task1.V5.csproj", "{632335D5-899C-46FD-A3DE-AD89B0846E87}"
EndProject
Project("{2150E333-8FDC-42A3-9474-1A3956D46DE8}") = "Task2", "Task2", "{07C43B64-757F-4BF8-AB26-CAB7E2E201CC}"
EndProject
Project("{FAE04EC0-301F-11D3-BF4B-00C04F79EFBC}") = "Tyuiu.AndreevIA.Sprint6.Task2.V13.Test", "Tyuiu.AndreevIA.Sprint6.Task2.V13.Test\Tyuiu.AndreevIA.Sprint6.Task2.V13.Test.csproj", "{23D8483C-4912-4A64-96FE-05E6FE30DF3F}"
EndProject
Project("{FAE04EC0-301F-11D3-BF4B-00C04F79EFBC}") = "Tyuiu.AndreevIA.Sprint6.Task2.V13.Lib", "Tyuiu.AndreevIA.Sprint6.Task2.V13.Lib\Tyuiu.AndreevIA.Sprint6.Task2.V13.Lib.csproj", "{0AEB49A8-8E04-49D0-A84B-141C0C4AD828}"
EndProject
Project("{FAE04EC0-301F-11D3-BF4B-00C04F79EFBC}") = "Tyuiu.AndreevIA.Sprint6.Task2.V13", "Tyuiu.AndreevIA.Sprint6.Task2.V13\Tyuiu.AndreevIA.Sprint6.Task2.V13.csproj", "{415D1C98-57D6-4962-A815-D33302A5BD37}"
EndProject
Project("{2150E333-8FDC-42A3-9474-1A3956D46DE8}") = "Task3", "Task3", "{597C15AB-506C-4DCD-BEBD-486997A8CA0E}"
EndProject
Project("{FAE04EC0-301F-11D3-BF4B-00C04F79EFBC}") = "Tyuiu.AndreevIA.Sprint6.Task3.V16.Lib", "Tyuiu.AndreevIA.Sprint6.Task3.V16.Lib\Tyuiu.AndreevIA.Sprint6.Task3.V16.Lib.csproj", "{D11BC3F6-26EE-4DD7-89FB-49E98733123A}"
EndProject
Project("{FAE04EC0-301F-11D3-BF4B-00C04F79EFBC}") = "Tyuiu.AndreevIA.Sprint6.Task3.V16.Test", "Tyuiu.AndreevIA.Sprint6.Task3.V16.Test\Tyuiu.AndreevIA.Sprint6.Task3.V16.Test.csproj", "{371FDA1F-535F-4696-9804-30C4658E7584}"
EndProject
Project("{FAE04EC0-301F-11D3-BF4B-00C04F79EFBC}") = "Tyuiu.AndreevIA.Sprint6.Task3.V16", "Tyuiu.AndreevIA.Sprint6.Task3.V16\Tyuiu.AndreevIA.Sprint6.Task3.V16.csproj", "{9A62B3B4-4AE0-48A1-8A7A-4A1A1E721390}"
EndProject
Project("{2150E333-8FDC-42A3-9474-1A3956D46DE8}") = "Task4", "Task4", "{A844407C-A020-4B55-8850-F6F01197C7F5}"
EndProject
Project("{FAE04EC0-301F-11D3-BF4B-00C04F79EFBC}") = "Tyuiu.AndreevIA.Sprint6.Task4.V4.Lib", "Tyuiu.AndreevIA.Sprint6.Task4.V4.Lib\Tyuiu.AndreevIA.Sprint6.Task4.V4.Lib.csproj", "{16F465AD-D98D-4325-A0A6-936001680804}"
EndProject
Project("{FAE04EC0-301F-11D3-BF4B-00C04F79EFBC}") = "Tyuiu.AndreevIA.Sprint6.Task4.V4.Test", "Tyuiu.AndreevIA.Sprint6.Task4.V4.Test\Tyuiu.AndreevIA.Sprint6.Task4.V4.Test.csproj", "{BB86E986-2D87-4B72-AD7D-9BE55EDE1811}"
EndProject
Project("{FAE04EC0-301F-11D3-BF4B-00C04F79EFBC}") = "Tyuiu.AndreevIA.Sprint6.Task4.V4", "Tyuiu.AndreevIA.Sprint6.Task4.V4\Tyuiu.AndreevIA.Sprint6.Task4.V4.csproj", "{137A295A-F3C2-494E-A9F6-F64B6BAEF76D}"
EndProject
Project("{2150E333-8FDC-42A3-9474-1A3956D46DE8}") = "Task5", "Task5", "{CD603FCD-DC24-400E-96A4-B54C66CAE87E}"
EndProject
Project("{FAE04EC0-301F-11D3-BF4B-00C04F79EFBC}") = "Tyuiu.AndreevIA.Sprint6.Task5.V21.Test", "Tyuiu.AndreevIA.Sprint6.Task5.V21.Test\Tyuiu.AndreevIA.Sprint6.Task5.V21.Test.csproj", "{5671F21E-D5EB-410A-95CC-BF02BEFFB805}"
EndProject
Project("{FAE04EC0-301F-11D3-BF4B-00C04F79EFBC}") = "Tyuiu.AndreevIA.Sprint6.Task5.V21.Lib", "Tyuiu.AndreevIA.Sprint6.Task5.V21.Lib\Tyuiu.AndreevIA.Sprint6.Task5.V21.Lib.csproj", "{D91EF3B1-890B-464E-BEFB-3F65582308DF}"
EndProject
Project("{FAE04EC0-301F-11D3-BF4B-00C04F79EFBC}") = "Tyuiu.AndreevIA.Sprint6.Task5.V21", "Tyuiu.AndreevIA.Sprint6.Task5.V21\Tyuiu.AndreevIA.Sprint6.Task5.V21.csproj", "{0C840897-FEC0-4BC0-8CF5-CC78395209B8}"
EndProject
Project("{2150E333-8FDC-42A3-9474-1A3956D46DE8}") = "Task6", "Task6", "{93397917-6171-42BF-B809-262748E3E4C4}"
EndProject
Project("{FAE04EC0-301F-11D3-BF4B-00C04F79EFBC}") = "Tyuiu.AndreevIA.Sprint6.Task6.V14", "Tyuiu.AndreevIA.Sprint6.Task6.V14\Tyuiu.AndreevIA.Sprint6.Task6.V14.csproj", "{DC70DDE5-9668-4929-9B64-8C346E23EEFF}"
EndProject
Project("{FAE04EC0-301F-11D3-BF4B-00C04F79EFBC}") = "Tyuiu.AndreevIA.Sprint6.Task6.V14.Lib", "Tyuiu.AndreevIA.Sprint6.Task6.V14.Lib\Tyuiu.AndreevIA.Sprint6.Task6.V14.Lib.csproj", "{0D6130A1-26AD-4683-9325-3B4DE505D1BD}"
EndProject
Project("{FAE04EC0-301F-11D3-BF4B-00C04F79EFBC}") = "Tyuiu.AndreevIA.Sprint6.Task6.V14.Test", "Tyuiu.AndreevIA.Sprint6.Task6.V14.Test\Tyuiu.AndreevIA.Sprint6.Task6.V14.Test.csproj", "{A934A050-E957-4C40-A2B5-8724ABB01456}"
EndProject
Project("{2150E333-8FDC-42A3-9474-1A3956D46DE8}") = "Task7", "Task7", "{9900F360-679B-46AA-B41B-4D4E604B75D4}"
EndProject
Project("{FAE04EC0-301F-11D3-BF4B-00C04F79EFBC}") = "Tyuiu.AndreevIA.Sprint6.Task7.V17.Test", "Tyuiu.AndreevIA.Sprint6.Task7.V17.Test\Tyuiu.AndreevIA.Sprint6.Task7.V17.Test.csproj", "{98150C59-1C96-4609-95E1-A17E9AE253FD}"
EndProject
Project("{FAE04EC0-301F-11D3-BF4B-00C04F79EFBC}") = "Tyuiu.AndreevIA.Sprint6.Task7.V17.Lib", "Tyuiu.AndreevIA.Sprint6.Task7.V17.Lib\Tyuiu.AndreevIA.Sprint6.Task7.V17.Lib.csproj", "{06459B96-C0EC-4997-9220-0DD967F00106}"
EndProject
Project("{FAE04EC0-301F-11D3-BF4B-00C04F79EFBC}") = "Tyuiu.AndreevIA.Sprint6.Task7.V17", "Tyuiu.AndreevIA.Sprint6.Task7.V17\Tyuiu.AndreevIA.Sprint6.Task7.V17.csproj", "{27351BDF-16FB-4F7E-9808-BDDA57C12F78}"
EndProject
Global
	GlobalSection(SolutionConfigurationPlatforms) = preSolution
		Debug|Any CPU = Debug|Any CPU
		Release|Any CPU = Release|Any CPU
	EndGlobalSection
	GlobalSection(ProjectConfigurationPlatforms) = postSolution
		{B4194539-3C87-46B9-BB06-8AD955C9E84F}.Debug|Any CPU.ActiveCfg = Debug|Any CPU
		{B4194539-3C87-46B9-BB06-8AD955C9E84F}.Debug|Any CPU.Build.0 = Debug|Any CPU
		{B4194539-3C87-46B9-BB06-8AD955C9E84F}.Release|Any CPU.ActiveCfg = Release|Any CPU
		{B4194539-3C87-46B9-BB06-8AD955C9E84F}.Release|Any CPU.Build.0 = Release|Any CPU
		{06B142D9-2CAA-40F2-8345-37562E4D0AEE}.Debug|Any CPU.ActiveCfg = Debug|Any CPU
		{06B142D9-2CAA-40F2-8345-37562E4D0AEE}.Debug|Any CPU.Build.0 = Debug|Any CPU
		{06B142D9-2CAA-40F2-8345-37562E4D0AEE}.Release|Any CPU.ActiveCfg = Release|Any CPU
		{06B142D9-2CAA-40F2-8345-37562E4D0AEE}.Release|Any CPU.Build.0 = Release|Any CPU
		{509EFDDD-8072-4D67-8852-291E6DD5F8E0}.Debug|Any CPU.ActiveCfg = Debug|Any CPU
		{509EFDDD-8072-4D67-8852-291E6DD5F8E0}.Debug|Any CPU.Build.0 = Debug|Any CPU
		{509EFDDD-8072-4D67-8852-291E6DD5F8E0}.Release|Any CPU.ActiveCfg = Release|Any CPU
		{509EFDDD-8072-4D67-8852-291E6DD5F8E0}.Release|Any CPU.Build.0 = Release|Any CPU
		{75E2609C-9975-46A1-B496-121631ABC006}.Debug|Any CPU.ActiveCfg = Debug|Any CPU
		{75E2609C-9975-46A1-B496-121631ABC006}.Debug|Any CPU.Build.0 = Debug|Any CPU
		{75E2609C-9975-46A1-B496-121631ABC006}.Release|Any CPU.ActiveCfg = Release|Any CPU
		{75E2609C-9975-46A1-B496-121631ABC006}.Release|Any CPU.Build.0 = Release|Any CPU
		{58ED2321-5C61-4EC8-AB6B-7B4F430909E0}.Debug|Any CPU.ActiveCfg = Debug|Any CPU
		{58ED2321-5C61-4EC8-AB6B-7B4F430909E0}.Debug|Any CPU.Build.0 = Debug|Any CPU
		{58ED2321-5C61-4EC8-AB6B-7B4F430909E0}.Release|Any CPU.ActiveCfg = Release|Any CPU
		{58ED2321-5C61-4EC8-AB6B-7B4F430909E0}.Release|Any CPU.Build.0 = Release|Any CPU
		{632335D5-899C-46FD-A3DE-AD89B0846E87}.Debug|Any CPU.ActiveCfg = Debug|Any CPU
		{632335D5-899C-46FD-A3DE-AD89B0846E87}.Debug|Any CPU.Build.0 = Debug|Any CPU
		{632335D5-899C-46FD-A3DE-AD89B0846E87}.Release|Any CPU.ActiveCfg = Release|Any CPU
		{632335D5-899C-46FD-A3DE-AD89B0846E87}.Release|Any CPU.Build.0 = Release|Any CPU
		{23D8483C-4912-4A64-96FE-05E6FE30DF3F}.Debug|Any CPU.ActiveCfg = Debug|Any CPU
		{23D8483C-4912-4A64-96FE-05E6FE30DF3F}.Debug|Any CPU.Build.0 = Debug|Any CPU
		{23D8483C-4912-4A64-96FE-05E6FE30DF3F}.Release|Any CPU.ActiveCfg = Release|Any CPU
		{23D8483C-4912-4A64-96FE-05E6FE30DF3F}.Release|Any CPU.Build.0 = Release|Any CPU
		{0AEB49A8-8E04-49D0-A84B-141C0C4AD828}.Debug|Any CPU.ActiveCfg = Debug|Any CPU
		{0AEB49A8-8E04-49D0-A84B-141C0C4AD828}.Debug|Any CPU.Build.0 = Debug|Any CPU
		{0AEB49A8-8E04-49D0-A84B-141C0C4AD828}.Release|Any CPU.ActiveCfg = Release|Any CPU
		{0AEB49A8-8E04-49D0-A84B-141C0C4AD828}.Release|Any CPU.Build.0 = Release|Any CPU
		{415D1C98-57D6-4962-A815-D33302A5BD37}.Debug|Any CPU.ActiveCfg = Debug|Any CPU
		{415D1C98-57D6-4962-A815-D33302A5BD37}.Debug|Any CPU.Build.0 = Debug|Any CPU
		{415D1C98-57D6-4962-A815-D33302A5BD37}.Release|Any CPU.ActiveCfg = Release|Any CPU
		{415D1C98-57D6-4962-A815-D33302A5BD37}.Release|Any CPU.Build.0 = Release|Any CPU
		{D11BC3F6-26EE-4DD7-89FB-49E98733123A}.Debug|Any CPU.ActiveCfg = Debug|Any CPU
		{D11BC3F6-26EE-4DD7-89FB-49E98733123A}.Debug|Any CPU.Build.0 = Debug|Any CPU
		{D11BC3F6-26EE-4DD7-89FB-49E98733123A}.Release|Any CPU.ActiveCfg = Release|Any CPU
		{D11BC3F6-26EE-4DD7-89FB-49E98733123A}.Release|Any CPU.Build.0 = Release|Any CPU
		{371FDA1F-535F-4696-9804-30C4658E7584}.Debug|Any CPU.ActiveCfg = Debug|Any CPU
		{371FDA1F-535F-4696-9804-30C4658E7584}.Debug|Any CPU.Build.0 = Debug|Any CPU
		{371FDA1F-535F-4696-9804-30C4658E7584}.Release|Any CPU.ActiveCfg = Release|Any CPU
		{371FDA1F-535F-4696-9804-30C4658E7584}.Release|Any CPU.Build.0 = Release|Any CPU
		{9A62B3B4-4AE0-48A1-8A7A-4A1A1E721390}.Debug|Any CPU.ActiveCfg = Debug|Any CPU
		{9A62B3B4-4AE0-48A1-8A7A-4A1A1E721390}.Debug|Any CPU.Build.0 = Debug|Any CPU
		{9A62B3B4-4AE0-48A1-8A7A-4A1A1E721390}.Release|Any CPU.ActiveCfg = Release|Any CPU
		{9A62B3B4-4AE0-48A1-8A7A-4A1A1E721390}.Release|Any CPU.Build.0 = Release|Any CPU
		{16F465AD-D98D-4325-A0A6-936001680804}.Debug|Any CPU.ActiveCfg = Debug|Any CPU
		{16F465AD-D98D-4325-A0A6-936001680804}.Debug|Any CPU.Build.0 = Debug|Any CPU
		{16F465AD-D98D-4325-A0A6-936001680804}.Release|Any CPU.ActiveCfg = Release|Any CPU
		{16F465AD-D98D-4325-A0A6-936001680804}.Release|Any CPU.Build.0 = Release|Any CPU
		{BB86E986-2D87-4B72-AD7D-9BE55EDE1811}.Debug|Any CPU.ActiveCfg = Debug|Any CPU
		{BB86E986-2D87-4B72-AD7D-9BE55EDE1811}.Debug|Any CPU.Build.0 = Debug|Any CPU
		{BB86E986-2D87-4B72-AD7D-9BE55EDE1811}.Release|Any CPU.ActiveCfg = Release|Any CPU
		{BB86E986-2D87-4B72-AD7D-9BE55EDE1811}.Release|Any CPU.Build.0 = Release|Any CPU
		{137A295A-F3C2-494E-A9F6-F64B6BAEF76D}.Debug|Any CPU.ActiveCfg = Debug|Any CPU
		{137A295A-F3C2-494E-A9F6-F64B6BAEF76D}.Debug|Any CPU.Build.0 = Debug|Any CPU
		{137A295A-F3C2-494E-A9F6-F64B6BAEF76D}.Release|Any CPU.ActiveCfg = Release|Any CPU
		{137A295A-F3C2-494E-A9F6-F64B6BAEF76D}.Release|Any CPU.Build.0 = Release|Any CPU
		{5671F21E-D5EB-410A-95CC-BF02BEFFB805}.Debug|Any CPU.ActiveCfg = Debug|Any CPU
		{5671F21E-D5EB-410A-95CC-BF02BEFFB805}.Debug|Any CPU.Build.0 = Debug|Any CPU
		{5671F21E-D5EB-410A-95CC-BF02BEFFB805}.Release|Any CPU.ActiveCfg = Release|Any CPU
		{5671F21E-D5EB-410A-95CC-BF02BEFFB805}.Release|Any CPU.Build.0 = Release|Any CPU
		{D91EF3B1-890B-464E-BEFB-3F65582308DF}.Debug|Any CPU.ActiveCfg = Debug|Any CPU
		{D91EF3B1-890B-464E-BEFB-3F65582308DF}.Debug|Any CPU.Build.0 = Debug|Any CPU
		{D91EF3B1-890B-464E-BEFB-3F65582308DF}.Release|Any CPU.ActiveCfg = Release|Any CPU
		{D91EF3B1-890B-464E-BEFB-3F65582308DF}.Release|Any CPU.Build.0 = Release|Any CPU
		{0C840897-FEC0-4BC0-8CF5-CC78395209B8}.Debug|Any CPU.ActiveCfg = Debug|Any CPU
		{0C840897-FEC0-4BC0-8CF5-CC78395209B8}.Debug|Any CPU.Build.0 = Debug|Any CPU
		{0C840897-FEC0-4BC0-8CF5-CC78395209B8}.Release|Any CPU.ActiveCfg = Release|Any CPU
		{0C840897-FEC0-4BC0-8CF5-CC78395209B8}.Release|Any CPU.Build.0 = Release|Any CPU
		{DC70DDE5-9668-4929-9B64-8C346E23EEFF}.Debug|Any CPU.ActiveCfg = Debug|Any CPU
		{DC70DDE5-9668-4929-9B64-8C346E23EEFF}.Debug|Any CPU.Build.0 = Debug|Any CPU
		{DC70DDE5-9668-4929-9B64-8C346E23EEFF}.Release|Any CPU.ActiveCfg = Release|Any CPU
		{DC70DDE5-9668-4929-9B64-8C346E23EEFF}.Release|Any CPU.Build.0 = Release|Any CPU
		{0D6130A1-26AD-4683-9325-3B4DE505D1BD}.Debug|Any CPU.ActiveCfg = Debug|Any CPU
		{0D6130A1-26AD-4683-9325-3B4DE505D1BD}.Debug|Any CPU.Build.0 = Debug|Any CPU
		{0D6130A1-26AD-4683-9325-3B4DE505D1BD}.Release|Any CPU.ActiveCfg = Release|Any CPU
		{0D6130A1-26AD-4683-9325-3B4DE505D1BD}.Release|Any CPU.Build.0 = Release|Any CPU
		{A934A050-E957-4C40-A2B5-8724ABB01456}.Debug|Any CPU.ActiveCfg = Debug|Any CPU
		{A934A050-E957-4C40-A2B5-8724ABB01456}.Debug|Any CPU.Build.0 = Debug|Any CPU
		{A934A050-E957-4C40-A2B5-8724ABB01456}.Release|Any CPU.ActiveCfg = Release|Any CPU
		{A934A050-E957-4C40-A2B5-8724ABB01456}.Release|Any CPU.Build.0 = Release|Any CPU
		{98150C59-1C96-4609-95E1-A17E9AE253FD}.Debug|Any CPU.ActiveCfg = Debug|Any CPU
		{98150C59-1C96-4609-95E1-A17E9AE253FD}.Debug|Any CPU.Build.0 = Debug|Any CPU
		{98150C59-1C96-4609-95E1-A17E9AE253FD}.Release|Any CPU.ActiveCfg = Release|Any CPU
		{98150C59-1C96-4609-95E1-A17E9AE253FD}.Release|Any CPU.Build.0 = Release|Any CPU
		{06459B96-C0EC-4997-9220-0DD967F00106}.Debug|Any CPU.ActiveCfg = Debug|Any CPU
		{06459B96-C0EC-4997-9220-0DD967F00106}.Debug|Any CPU.Build.0 = Debug|Any CPU
		{06459B96-C0EC-4997-9220-0DD967F00106}.Release|Any CPU.ActiveCfg = Release|Any CPU
		{06459B96-C0EC-4997-9220-0DD967F00106}.Release|Any CPU.Build.0 = Release|Any CPU
		{27351BDF-16FB-4F7E-9808-BDDA57C12F78}.Debug|Any CPU.ActiveCfg = Debug|Any CPU
		{27351BDF-16FB-4F7E-9808-BDDA57C12F78}.Debug|Any CPU.Build.0 = Debug|Any CPU
		{27351BDF-16FB-4F7E-9808-BDDA57C12F78}.Release|Any CPU.ActiveCfg = Release|Any CPU
		{27351BDF-16FB-4F7E-9808-BDDA57C12F78}.Release|Any CPU.Build.0 = Release|Any CPU
	EndGlobalSection
	GlobalSection(SolutionProperties) = preSolution
		HideSolutionNode = FALSE
	EndGlobalSection
	GlobalSection(NestedProjects) = preSolution
		{B4194539-3C87-46B9-BB06-8AD955C9E84F} = {02EA681E-C7D8-13C7-8484-4AC65E1B71E8}
		{06B142D9-2CAA-40F2-8345-37562E4D0AEE} = {02EA681E-C7D8-13C7-8484-4AC65E1B71E8}
		{509EFDDD-8072-4D67-8852-291E6DD5F8E0} = {02EA681E-C7D8-13C7-8484-4AC65E1B71E8}
		{75E2609C-9975-46A1-B496-121631ABC006} = {042AE8BD-EC2E-4CDC-8D25-34BDA03CE881}
		{58ED2321-5C61-4EC8-AB6B-7B4F430909E0} = {042AE8BD-EC2E-4CDC-8D25-34BDA03CE881}
		{632335D5-899C-46FD-A3DE-AD89B0846E87} = {042AE8BD-EC2E-4CDC-8D25-34BDA03CE881}
		{23D8483C-4912-4A64-96FE-05E6FE30DF3F} = {07C43B64-757F-4BF8-AB26-CAB7E2E201CC}
		{0AEB49A8-8E04-49D0-A84B-141C0C4AD828} = {07C43B64-757F-4BF8-AB26-CAB7E2E201CC}
		{415D1C98-57D6-4962-A815-D33302A5BD37} = {07C43B64-757F-4BF8-AB26-CAB7E2E201CC}
		{D11BC3F6-26EE-4DD7-89FB-49E98733123A} = {597C15AB-506C-4DCD-BEBD-486997A8CA0E}
		{371FDA1F-535F-4696-9804-30C4658E7584} = {597C15AB-506C-4DCD-BEBD-486997A8CA0E}
		{9A62B3B4-4AE0-48A1-8A7A-4A1A1E721390} = {597C15AB-506C-4DCD-BEBD-486997A8CA0E}
		{16F465AD-D98D-4325-A0A6-936001680804} = {A844407C-A020-4B55-8850-F6F01197C7F5}
		{BB86E986-2D87-4B72-AD7D-9BE55EDE1811} = {A844407C-A020-4B55-8850-F6F01197C7F5}
		{137A295A-F3C2-494E-A9F6-F64B6BAEF76D} = {A844407C-A020-4B55-8850-F6F01197C7F5}
		{5671F21E-D5EB-410A-95CC-BF02BEFFB805} = {CD603FCD-DC24-400E-96A4-B54C66CAE87E}
		{D91EF3B1-890B-464E-BEFB-3F65582308DF} = {CD603FCD-DC24-400E-96A4-B54C66CAE87E}
		{0C840897-FEC0-4BC0-8CF5-CC78395209B8} = {CD603FCD-DC24-400E-96A4-B54C66CAE87E}
		{DC70DDE5-9668-4929-9B64-8C346E23EEFF} = {93397917-6171-42BF-B809-262748E3E4C4}
		{0D6130A1-26AD-4683-9325-3B4DE505D1BD} = {93397917-6171-42BF-B809-262748E3E4C4}
		{A934A050-E957-4C40-A2B5-8724ABB01456} = {93397917-6171-42BF-B809-262748E3E4C4}
		{98150C59-1C96-4609-95E1-A17E9AE253FD} = {9900F360-679B-46AA-B41B-4D4E604B75D4}
		{06459B96-C0EC-4997-9220-0DD967F00106} = {9900F360-679B-46AA-B41B-4D4E604B75D4}
		{27351BDF-16FB-4F7E-9808-BDDA57C12F78} = {9900F360-679B-46AA-B41B-4D4E604B75D4}
	EndGlobalSection
	GlobalSection(ExtensibilityGlobals) = postSolution
		SolutionGuid = {EC1B451F-9E97-4F41-B921-4092E2EE8363}
	EndGlobalSection
EndGlobal
